
Microsoft Visual Studio Solution File, Format Version 12.00
# Visual Studio Version 17
VisualStudioVersion = 17.4.33103.184
MinimumVisualStudioVersion = 10.0.40219.1
Project("{FAE04EC0-301F-11D3-BF4B-00C04F79EFBC}") = "Indigo", "Indigo.csproj", "{55D8761F-917B-4D22-95C8-9511015B679E}"
EndProject
Global
	GlobalSection(SolutionConfigurationPlatforms) = preSolution
		Debug|Any CPU = Debug|Any CPU
		Release|Any CPU = Release|Any CPU
	EndGlobalSection
	GlobalSection(ProjectConfigurationPlatforms) = postSolution
		{55D8761F-917B-4D22-95C8-9511015B679E}.Debug|Any CPU.ActiveCfg = Debug|Any CPU
		{55D8761F-917B-4D22-95C8-9511015B679E}.Debug|Any CPU.Build.0 = Debug|Any CPU
		{55D8761F-917B-4D22-95C8-9511015B679E}.Release|Any CPU.ActiveCfg = Release|Any CPU
		{55D8761F-917B-4D22-95C8-9511015B679E}.Release|Any CPU.Build.0 = Release|Any CPU
	EndGlobalSection
	GlobalSection(SolutionProperties) = preSolution
		HideSolutionNode = FALSE
	EndGlobalSection
	GlobalSection(ExtensibilityGlobals) = postSolution
		SolutionGuid = {1A4BA663-816A-494D-9BF1-581E6E040B2A}
	EndGlobalSection
EndGlobal
